
Microsoft Visual Studio Solution File, Format Version 12.00
# Visual Studio Version 17
VisualStudioVersion = 17.11.35303.130
MinimumVisualStudioVersion = 10.0.40219.1
Project("{FAE04EC0-301F-11D3-BF4B-00C04F79EFBC}") = "ENT", "ENT\ENT.csproj", "{92079E2E-7797-48A7-B1AB-96AA31A75F2F}"
EndProject
Project("{FAE04EC0-301F-11D3-BF4B-00C04F79EFBC}") = "MAUI", "MAUI\MAUI.csproj", "{381AA879-FA94-4E98-8562-2FC7E559D91E}"
EndProject
Project("{FAE04EC0-301F-11D3-BF4B-00C04F79EFBC}") = "ASP", "ASP\ASP.csproj", "{4C5AAB91-1A80-4BB3-9AB0-5C295B01CC0F}"
EndProject
Project("{FAE04EC0-301F-11D3-BF4B-00C04F79EFBC}") = "DAL", "DAL\DAL.csproj", "{71A3B43E-DF3F-431C-AE3F-1DC315267A23}"
EndProject
Project("{FAE04EC0-301F-11D3-BF4B-00C04F79EFBC}") = "BL", "BL\BL.csproj", "{CFB321D6-3776-4373-8E2E-3FD1D2AE4510}"
EndProject
Global
	GlobalSection(SolutionConfigurationPlatforms) = preSolution
		Debug|Any CPU = Debug|Any CPU
		Release|Any CPU = Release|Any CPU
	EndGlobalSection
	GlobalSection(ProjectConfigurationPlatforms) = postSolution
		{92079E2E-7797-48A7-B1AB-96AA31A75F2F}.Debug|Any CPU.ActiveCfg = Debug|Any CPU
		{92079E2E-7797-48A7-B1AB-96AA31A75F2F}.Debug|Any CPU.Build.0 = Debug|Any CPU
		{92079E2E-7797-48A7-B1AB-96AA31A75F2F}.Release|Any CPU.ActiveCfg = Release|Any CPU
		{92079E2E-7797-48A7-B1AB-96AA31A75F2F}.Release|Any CPU.Build.0 = Release|Any CPU
		{381AA879-FA94-4E98-8562-2FC7E559D91E}.Debug|Any CPU.ActiveCfg = Debug|Any CPU
		{381AA879-FA94-4E98-8562-2FC7E559D91E}.Debug|Any CPU.Build.0 = Debug|Any CPU
		{381AA879-FA94-4E98-8562-2FC7E559D91E}.Debug|Any CPU.Deploy.0 = Debug|Any CPU
		{381AA879-FA94-4E98-8562-2FC7E559D91E}.Release|Any CPU.ActiveCfg = Release|Any CPU
		{381AA879-FA94-4E98-8562-2FC7E559D91E}.Release|Any CPU.Build.0 = Release|Any CPU
		{381AA879-FA94-4E98-8562-2FC7E559D91E}.Release|Any CPU.Deploy.0 = Release|Any CPU
		{4C5AAB91-1A80-4BB3-9AB0-5C295B01CC0F}.Debug|Any CPU.ActiveCfg = Debug|Any CPU
		{4C5AAB91-1A80-4BB3-9AB0-5C295B01CC0F}.Debug|Any CPU.Build.0 = Debug|Any CPU
		{4C5AAB91-1A80-4BB3-9AB0-5C295B01CC0F}.Release|Any CPU.ActiveCfg = Release|Any CPU
		{4C5AAB91-1A80-4BB3-9AB0-5C295B01CC0F}.Release|Any CPU.Build.0 = Release|Any CPU
		{71A3B43E-DF3F-431C-AE3F-1DC315267A23}.Debug|Any CPU.ActiveCfg = Debug|Any CPU
		{71A3B43E-DF3F-431C-AE3F-1DC315267A23}.Debug|Any CPU.Build.0 = Debug|Any CPU
		{71A3B43E-DF3F-431C-AE3F-1DC315267A23}.Release|Any CPU.ActiveCfg = Release|Any CPU
		{71A3B43E-DF3F-431C-AE3F-1DC315267A23}.Release|Any CPU.Build.0 = Release|Any CPU
		{CFB321D6-3776-4373-8E2E-3FD1D2AE4510}.Debug|Any CPU.ActiveCfg = Debug|Any CPU
		{CFB321D6-3776-4373-8E2E-3FD1D2AE4510}.Debug|Any CPU.Build.0 = Debug|Any CPU
		{CFB321D6-3776-4373-8E2E-3FD1D2AE4510}.Release|Any CPU.ActiveCfg = Release|Any CPU
		{CFB321D6-3776-4373-8E2E-3FD1D2AE4510}.Release|Any CPU.Build.0 = Release|Any CPU
	EndGlobalSection
	GlobalSection(SolutionProperties) = preSolution
		HideSolutionNode = FALSE
	EndGlobalSection
	GlobalSection(ExtensibilityGlobals) = postSolution
		SolutionGuid = {B6C87ADF-2648-42DD-8571-8189F8A22361}
	EndGlobalSection
EndGlobal
